
Microsoft Visual Studio Solution File, Format Version 12.00
# Visual Studio Version 16
VisualStudioVersion = 16.0.30330.147
MinimumVisualStudioVersion = 10.0.40219.1
Project("{FAE04EC0-301F-11D3-BF4B-00C04F79EFBC}") = "TercerParcial_Ortiz", "TercerParcial_Ortiz\TercerParcial_Ortiz.csproj", "{D02E56A1-11DB-485C-BC0C-98806ADE79B3}"
EndProject
Global
	GlobalSection(SolutionConfigurationPlatforms) = preSolution
		Debug|Any CPU = Debug|Any CPU
		Release|Any CPU = Release|Any CPU
	EndGlobalSection
	GlobalSection(ProjectConfigurationPlatforms) = postSolution
		{D02E56A1-11DB-485C-BC0C-98806ADE79B3}.Debug|Any CPU.ActiveCfg = Debug|Any CPU
		{D02E56A1-11DB-485C-BC0C-98806ADE79B3}.Debug|Any CPU.Build.0 = Debug|Any CPU
		{D02E56A1-11DB-485C-BC0C-98806ADE79B3}.Release|Any CPU.ActiveCfg = Release|Any CPU
		{D02E56A1-11DB-485C-BC0C-98806ADE79B3}.Release|Any CPU.Build.0 = Release|Any CPU
	EndGlobalSection
	GlobalSection(SolutionProperties) = preSolution
		HideSolutionNode = FALSE
	EndGlobalSection
	GlobalSection(ExtensibilityGlobals) = postSolution
		SolutionGuid = {CB7A25C8-50AA-4C5B-BBC7-566A47DC0C66}
	EndGlobalSection
EndGlobal
